
Microsoft Visual Studio Solution File, Format Version 12.00
# Visual Studio Version 16
VisualStudioVersion = 16.0.30804.86
MinimumVisualStudioVersion = 10.0.40219.1
Project("{FAE04EC0-301F-11D3-BF4B-00C04F79EFBC}") = "KeuanganStienus", "KeuanganStienus\KeuanganStienus.csproj", "{4797CB52-6FE0-4ED3-A780-06972FD30A29}"
EndProject
Project("{2150E333-8FDC-42A3-9474-1A3956D46DE8}") = "Solution Items", "Solution Items", "{06D7F454-E59C-4EF6-82CC-774041DEF882}"
	ProjectSection(SolutionItems) = preProject
		.editorconfig = .editorconfig
	EndProjectSection
EndProject
Global
	GlobalSection(SolutionConfigurationPlatforms) = preSolution
		Debug|Any CPU = Debug|Any CPU
		Release|Any CPU = Release|Any CPU
	EndGlobalSection
	GlobalSection(ProjectConfigurationPlatforms) = postSolution
		{4797CB52-6FE0-4ED3-A780-06972FD30A29}.Debug|Any CPU.ActiveCfg = Debug|Any CPU
		{4797CB52-6FE0-4ED3-A780-06972FD30A29}.Debug|Any CPU.Build.0 = Debug|Any CPU
		{4797CB52-6FE0-4ED3-A780-06972FD30A29}.Release|Any CPU.ActiveCfg = Release|Any CPU
		{4797CB52-6FE0-4ED3-A780-06972FD30A29}.Release|Any CPU.Build.0 = Release|Any CPU
	EndGlobalSection
	GlobalSection(SolutionProperties) = preSolution
		HideSolutionNode = FALSE
	EndGlobalSection
	GlobalSection(ExtensibilityGlobals) = postSolution
		SolutionGuid = {D9D4666E-EDB0-4C6C-AAE5-157E2F6E680B}
	EndGlobalSection
EndGlobal
